
Microsoft Visual Studio Solution File, Format Version 12.00
# Visual Studio Version 16
VisualStudioVersion = 16.0.32106.194
MinimumVisualStudioVersion = 10.0.40219.1
Project("{FAE04EC0-301F-11D3-BF4B-00C04F79EFBC}") = "PerfectPolicies", "PerfectPolicies.csproj", "{4A138836-B100-4DC7-AE2B-2DD4D0003B1B}"
EndProject
Global
	GlobalSection(SolutionConfigurationPlatforms) = preSolution
		Debug|Any CPU = Debug|Any CPU
		Release|Any CPU = Release|Any CPU
	EndGlobalSection
	GlobalSection(ProjectConfigurationPlatforms) = postSolution
		{4A138836-B100-4DC7-AE2B-2DD4D0003B1B}.Debug|Any CPU.ActiveCfg = Debug|Any CPU
		{4A138836-B100-4DC7-AE2B-2DD4D0003B1B}.Debug|Any CPU.Build.0 = Debug|Any CPU
		{4A138836-B100-4DC7-AE2B-2DD4D0003B1B}.Release|Any CPU.ActiveCfg = Release|Any CPU
		{4A138836-B100-4DC7-AE2B-2DD4D0003B1B}.Release|Any CPU.Build.0 = Release|Any CPU
	EndGlobalSection
	GlobalSection(SolutionProperties) = preSolution
		HideSolutionNode = FALSE
	EndGlobalSection
	GlobalSection(ExtensibilityGlobals) = postSolution
		SolutionGuid = {A8F366D6-4113-4150-9074-FF114620F869}
	EndGlobalSection
EndGlobal
